
Microsoft Visual Studio Solution File, Format Version 12.00
# Visual Studio 14
VisualStudioVersion = 14.0.25123.0
MinimumVisualStudioVersion = 10.0.40219.1
Project("{FAE04EC0-301F-11D3-BF4B-00C04F79EFBC}") = "SportStore.Domain", "SportStore.Domain\SportStore.Domain.csproj", "{E3E592DD-D17D-416B-B08C-3A72FFC95D79}"
EndProject
Project("{FAE04EC0-301F-11D3-BF4B-00C04F79EFBC}") = "SportStore.WebUI", "SportStore.WebUI\SportStore.WebUI.csproj", "{7828A31D-131E-45EA-8BEB-CD1DAD4EED06}"
EndProject
Project("{FAE04EC0-301F-11D3-BF4B-00C04F79EFBC}") = "SportStore.UnitTests", "SportStore.UnitTests\SportStore.UnitTests.csproj", "{EB799E98-7735-4905-96C1-11B2DC858894}"
EndProject
Global
	GlobalSection(SolutionConfigurationPlatforms) = preSolution
		Debug|Any CPU = Debug|Any CPU
		Release|Any CPU = Release|Any CPU
	EndGlobalSection
	GlobalSection(ProjectConfigurationPlatforms) = postSolution
		{E3E592DD-D17D-416B-B08C-3A72FFC95D79}.Debug|Any CPU.ActiveCfg = Debug|Any CPU
		{E3E592DD-D17D-416B-B08C-3A72FFC95D79}.Debug|Any CPU.Build.0 = Debug|Any CPU
		{E3E592DD-D17D-416B-B08C-3A72FFC95D79}.Release|Any CPU.ActiveCfg = Release|Any CPU
		{E3E592DD-D17D-416B-B08C-3A72FFC95D79}.Release|Any CPU.Build.0 = Release|Any CPU
		{7828A31D-131E-45EA-8BEB-CD1DAD4EED06}.Debug|Any CPU.ActiveCfg = Debug|Any CPU
		{7828A31D-131E-45EA-8BEB-CD1DAD4EED06}.Debug|Any CPU.Build.0 = Debug|Any CPU
		{7828A31D-131E-45EA-8BEB-CD1DAD4EED06}.Release|Any CPU.ActiveCfg = Release|Any CPU
		{7828A31D-131E-45EA-8BEB-CD1DAD4EED06}.Release|Any CPU.Build.0 = Release|Any CPU
		{EB799E98-7735-4905-96C1-11B2DC858894}.Debug|Any CPU.ActiveCfg = Debug|Any CPU
		{EB799E98-7735-4905-96C1-11B2DC858894}.Debug|Any CPU.Build.0 = Debug|Any CPU
		{EB799E98-7735-4905-96C1-11B2DC858894}.Release|Any CPU.ActiveCfg = Release|Any CPU
		{EB799E98-7735-4905-96C1-11B2DC858894}.Release|Any CPU.Build.0 = Release|Any CPU
	EndGlobalSection
	GlobalSection(SolutionProperties) = preSolution
		HideSolutionNode = FALSE
	EndGlobalSection
EndGlobal
